{
  "version": 4,
  "terraform_version": "1.2.2",
  "serial": 114,
  "lineage": "d9b3905c-3308-2b2c-de30-3d3953ac61d0",
  "outputs": {},
  "resources": [
    {
      "module": "module.cloud_function",
      "mode": "managed",
      "type": "google_cloudfunctions_function",
      "name": "function",
      "provider": "provider[\"registry.terraform.io/hashicorp/google\"]",
      "instances": [
        {
          "schema_version": 0,
          "attributes": {
            "available_memory_mb": 128,
            "build_environment_variables": null,
            "description": "My function",
            "docker_registry": "CONTAINER_REGISTRY",
            "docker_repository": "",
            "entry_point": "helloWorld",
            "environment_variables": {
              "MY_ENV_VAR": "my-env-var-value"
            },
            "event_trigger": [],
            "https_trigger_security_level": "SECURE_OPTIONAL",
            "https_trigger_url": "https://us-central1-halogen-data-344904.cloudfunctions.net/function-test",
            "id": "projects/halogen-data-344904/locations/us-central1/functions/function-test",
            "ingress_settings": "ALLOW_ALL",
            "kms_key_name": "",
            "labels": {
              "my-label": "my-label-value"
            },
            "max_instances": 0,
            "min_instances": 0,
            "name": "function-test",
            "project": "halogen-data-344904",
            "region": "us-central1",
            "runtime": "nodejs16",
            "secret_environment_variables": [],
            "secret_volumes": [],
            "service_account_email": "halogen-data-344904@appspot.gserviceaccount.com",
            "source_archive_bucket": "test-bucket-test-bucket-010101",
            "source_archive_object": "index.zip",
            "source_repository": [],
            "timeout": 60,
            "timeouts": null,
            "trigger_http": true,
            "vpc_connector": "",
            "vpc_connector_egress_settings": ""
          },
          "sensitive_attributes": [],
          "private": "eyJlMmJmYjczMC1lY2FhLTExZTYtOGY4OC0zNDM2M2JjN2M0YzAiOnsiY3JlYXRlIjozMDAwMDAwMDAwMDAsImRlbGV0ZSI6MzAwMDAwMDAwMDAwLCJyZWFkIjozMDAwMDAwMDAwMDAsInVwZGF0ZSI6MzAwMDAwMDAwMDAwfX0=",
          "dependencies": [
            "module.storage_account.google_storage_bucket.bucket",
            "module.storage_account.google_storage_bucket_object.archive"
          ]
        }
      ]
    },
    {
      "module": "module.cloud_function",
      "mode": "managed",
      "type": "google_cloudfunctions_function_iam_member",
      "name": "invoker",
      "provider": "provider[\"registry.terraform.io/hashicorp/google\"]",
      "instances": [
        {
          "schema_version": 0,
          "attributes": {
            "cloud_function": "projects/halogen-data-344904/locations/us-central1/functions/function-test",
            "condition": [],
            "etag": "BwXiCYJ8r50=",
            "id": "projects/halogen-data-344904/locations/us-central1/functions/function-test/roles/cloudfunctions.invoker/allUsers",
            "member": "allUsers",
            "project": "halogen-data-344904",
            "region": "us-central1",
            "role": "roles/cloudfunctions.invoker"
          },
          "sensitive_attributes": [],
          "private": "bnVsbA==",
          "dependencies": [
            "module.cloud_function.google_cloudfunctions_function.function",
            "module.storage_account.google_storage_bucket.bucket",
            "module.storage_account.google_storage_bucket_object.archive"
          ]
        }
      ]
    },
    {
      "module": "module.load_balancer",
      "mode": "managed",
      "type": "google_compute_backend_service",
      "name": "default",
      "provider": "provider[\"registry.terraform.io/hashicorp/google-beta\"]",
      "instances": [
        {
          "schema_version": 1,
          "attributes": {
            "affinity_cookie_ttl_sec": 0,
            "backend": [
              {
                "balancing_mode": "UTILIZATION",
                "capacity_scaler": 1,
                "description": "",
                "group": "https://www.googleapis.com/compute/v1/projects/halogen-data-344904/zones/us-central1-c/instanceGroups/tcp-proxy-xlb-mig1",
                "max_connections": 0,
                "max_connections_per_endpoint": 0,
                "max_connections_per_instance": 0,
                "max_rate": 0,
                "max_rate_per_endpoint": 0,
                "max_rate_per_instance": 0,
                "max_utilization": 1
              }
            ],
            "cdn_policy": [],
            "circuit_breakers": [],
            "connection_draining_timeout_sec": 300,
            "consistent_hash": [],
            "creation_timestamp": "2022-06-22T06:42:15.394-07:00",
            "custom_request_headers": null,
            "custom_response_headers": null,
            "description": "",
            "enable_cdn": false,
            "fingerprint": "XSJK1lIHnhk=",
            "health_checks": [
              "projects/halogen-data-344904/global/healthChecks/tcp-proxy-health-check"
            ],
            "iap": [],
            "id": "projects/halogen-data-344904/global/backendServices/tcp-proxy-xlb-backend-service",
            "load_balancing_scheme": "EXTERNAL",
            "locality_lb_policy": "",
            "log_config": [],
            "name": "tcp-proxy-xlb-backend-service",
            "outlier_detection": [],
            "port_name": "tcp",
            "project": "halogen-data-344904",
            "protocol": "TCP",
            "security_policy": "",
            "security_settings": [],
            "self_link": "https://www.googleapis.com/compute/v1/projects/halogen-data-344904/global/backendServices/tcp-proxy-xlb-backend-service",
            "session_affinity": "NONE",
            "timeout_sec": 10,
            "timeouts": null
          },
          "sensitive_attributes": [],
          "private": "eyJlMmJmYjczMC1lY2FhLTExZTYtOGY4OC0zNDM2M2JjN2M0YzAiOnsiY3JlYXRlIjoxMjAwMDAwMDAwMDAwLCJkZWxldGUiOjEyMDAwMDAwMDAwMDAsInVwZGF0ZSI6MTIwMDAwMDAwMDAwMH0sInNjaGVtYV92ZXJzaW9uIjoiMSJ9",
          "dependencies": [
            "module.load_balancer.google_compute_health_check.default",
            "module.load_balancer.google_compute_instance_group_manager.default",
            "module.load_balancer.google_compute_instance_template.default",
            "module.vpc.google_compute_network.network",
            "module.vpc.google_compute_subnetwork.public-subnetwork"
          ]
        }
      ]
    },
    {
      "module": "module.load_balancer",
      "mode": "managed",
      "type": "google_compute_firewall",
      "name": "default",
      "provider": "provider[\"registry.terraform.io/hashicorp/google-beta\"]",
      "instances": [
        {
          "schema_version": 1,
          "attributes": {
            "allow": [
              {
                "ports": [],
                "protocol": "tcp"
              }
            ],
            "creation_timestamp": "2022-06-22T06:41:31.766-07:00",
            "deny": [],
            "description": "",
            "destination_ranges": [],
            "direction": "INGRESS",
            "disabled": false,
            "enable_logging": null,
            "id": "projects/halogen-data-344904/global/firewalls/tcp-proxy-xlb-fw-allow-hc",
            "log_config": [],
            "name": "tcp-proxy-xlb-fw-allow-hc",
            "network": "https://www.googleapis.com/compute/v1/projects/halogen-data-344904/global/networks/vnet1",
            "priority": 1000,
            "project": "halogen-data-344904",
            "self_link": "https://www.googleapis.com/compute/v1/projects/halogen-data-344904/global/firewalls/tcp-proxy-xlb-fw-allow-hc",
            "source_ranges": [
              "130.211.0.0/22",
              "35.191.0.0/16"
            ],
            "source_service_accounts": null,
            "source_tags": null,
            "target_service_accounts": null,
            "target_tags": [
              "allow-health-check"
            ],
            "timeouts": null
          },
          "sensitive_attributes": [],
          "private": "eyJlMmJmYjczMC1lY2FhLTExZTYtOGY4OC0zNDM2M2JjN2M0YzAiOnsiY3JlYXRlIjoxMjAwMDAwMDAwMDAwLCJkZWxldGUiOjEyMDAwMDAwMDAwMDAsInVwZGF0ZSI6MTIwMDAwMDAwMDAwMH0sInNjaGVtYV92ZXJzaW9uIjoiMSJ9",
          "dependencies": [
            "module.vpc.google_compute_network.network"
          ]
        }
      ]
    },
    {
      "module": "module.load_balancer",
      "mode": "managed",
      "type": "google_compute_global_forwarding_rule",
      "name": "default",
      "provider": "provider[\"registry.terraform.io/hashicorp/google-beta\"]",
      "instances": [
        {
          "schema_version": 0,
          "attributes": {
            "description": "",
            "id": "projects/halogen-data-344904/global/forwardingRules/tcp-proxy-xlb-forwarding-rule",
            "ip_address": "projects/halogen-data-344904/global/addresses/tcp-proxy-xlb-ip",
            "ip_protocol": "TCP",
            "ip_version": "",
            "label_fingerprint": "42WmSpB8rSM=",
            "labels": null,
            "load_balancing_scheme": "EXTERNAL",
            "metadata_filters": [],
            "name": "tcp-proxy-xlb-forwarding-rule",
            "network": "",
            "port_range": "110",
            "project": "halogen-data-344904",
            "self_link": "https://www.googleapis.com/compute/beta/projects/halogen-data-344904/global/forwardingRules/tcp-proxy-xlb-forwarding-rule",
            "target": "projects/halogen-data-344904/global/targetTcpProxies/test-proxy-health-check",
            "timeouts": null
          },
          "sensitive_attributes": [],
          "private": "eyJlMmJmYjczMC1lY2FhLTExZTYtOGY4OC0zNDM2M2JjN2M0YzAiOnsiY3JlYXRlIjoxMjAwMDAwMDAwMDAwLCJkZWxldGUiOjEyMDAwMDAwMDAwMDAsInVwZGF0ZSI6MTIwMDAwMDAwMDAwMH19",
          "dependencies": [
            "module.load_balancer.google_compute_backend_service.default",
            "module.load_balancer.google_compute_health_check.default",
            "module.load_balancer.google_compute_instance_group_manager.default",
            "module.load_balancer.google_compute_instance_template.default",
            "module.load_balancer.google_compute_target_tcp_proxy.default",
            "module.vpc.google_compute_global_address.default",
            "module.vpc.google_compute_network.network",
            "module.vpc.google_compute_subnetwork.public-subnetwork"
          ]
        }
      ]
    },
    {
      "module": "module.load_balancer",
      "mode": "managed",
      "type": "google_compute_health_check",
      "name": "default",
      "provider": "provider[\"registry.terraform.io/hashicorp/google-beta\"]",
      "instances": [
        {
          "schema_version": 0,
          "attributes": {
            "check_interval_sec": 1,
            "creation_timestamp": "2022-06-22T06:41:09.477-07:00",
            "description": "",
            "grpc_health_check": [],
            "healthy_threshold": 2,
            "http2_health_check": [],
            "http_health_check": [],
            "https_health_check": [],
            "id": "projects/halogen-data-344904/global/healthChecks/tcp-proxy-health-check",
            "log_config": [
              {
                "enable": false
              }
            ],
            "name": "tcp-proxy-health-check",
            "project": "halogen-data-344904",
            "self_link": "https://www.googleapis.com/compute/v1/projects/halogen-data-344904/global/healthChecks/tcp-proxy-health-check",
            "ssl_health_check": [],
            "tcp_health_check": [
              {
                "port": 80,
                "port_name": "",
                "port_specification": "",
                "proxy_header": "NONE",
                "request": "",
                "response": ""
              }
            ],
            "timeout_sec": 1,
            "timeouts": null,
            "type": "TCP",
            "unhealthy_threshold": 2
          },
          "sensitive_attributes": [],
          "private": "eyJlMmJmYjczMC1lY2FhLTExZTYtOGY4OC0zNDM2M2JjN2M0YzAiOnsiY3JlYXRlIjoxMjAwMDAwMDAwMDAwLCJkZWxldGUiOjEyMDAwMDAwMDAwMDAsInVwZGF0ZSI6MTIwMDAwMDAwMDAwMH19"
        }
      ]
    },
    {
      "module": "module.load_balancer",
      "mode": "managed",
      "type": "google_compute_instance_group_manager",
      "name": "default",
      "provider": "provider[\"registry.terraform.io/hashicorp/google-beta\"]",
      "instances": [
        {
          "schema_version": 0,
          "attributes": {
            "auto_healing_policies": [],
            "base_instance_name": "vm",
            "description": "",
            "fingerprint": "CwU21jKzIC8=",
            "id": "projects/halogen-data-344904/zones/us-central1-c/instanceGroupManagers/tcp-proxy-xlb-mig1",
            "instance_group": "https://www.googleapis.com/compute/v1/projects/halogen-data-344904/zones/us-central1-c/instanceGroups/tcp-proxy-xlb-mig1",
            "name": "tcp-proxy-xlb-mig1",
            "named_port": [
              {
                "name": "tcp",
                "port": 110
              }
            ],
            "operation": null,
            "project": "halogen-data-344904",
            "self_link": "https://www.googleapis.com/compute/v1/projects/halogen-data-344904/zones/us-central1-c/instanceGroupManagers/tcp-proxy-xlb-mig1",
            "stateful_disk": [],
            "status": [
              {
                "is_stable": true,
                "stateful": [
                  {
                    "has_stateful_config": false,
                    "per_instance_configs": [
                      {
                        "all_effective": true
                      }
                    ]
                  }
                ],
                "version_target": [
                  {
                    "is_reached": true
                  }
                ]
              }
            ],
            "target_pools": null,
            "target_size": 2,
            "timeouts": null,
            "update_policy": [
              {
                "max_surge_fixed": 1,
                "max_surge_percent": 0,
                "max_unavailable_fixed": 1,
                "max_unavailable_percent": 0,
                "min_ready_sec": 0,
                "minimal_action": "REPLACE",
                "most_disruptive_allowed_action": "",
                "replacement_method": "SUBSTITUTE",
                "type": "OPPORTUNISTIC"
              }
            ],
            "version": [
              {
                "instance_template": "https://www.googleapis.com/compute/v1/projects/halogen-data-344904/global/instanceTemplates/tcp-proxy-xlb-mig-template",
                "name": "primary",
                "target_size": []
              }
            ],
            "wait_for_instances": false,
            "wait_for_instances_status": "STABLE",
            "zone": "us-central1-c"
          },
          "sensitive_attributes": [],
          "private": "eyJlMmJmYjczMC1lY2FhLTExZTYtOGY4OC0zNDM2M2JjN2M0YzAiOnsiY3JlYXRlIjo5MDAwMDAwMDAwMDAsImRlbGV0ZSI6OTAwMDAwMDAwMDAwLCJ1cGRhdGUiOjkwMDAwMDAwMDAwMH19",
          "dependencies": [
            "module.load_balancer.google_compute_instance_template.default",
            "module.vpc.google_compute_network.network",
            "module.vpc.google_compute_subnetwork.public-subnetwork"
          ]
        }
      ]
    },
    {
      "module": "module.load_balancer",
      "mode": "managed",
      "type": "google_compute_instance_template",
      "name": "default",
      "provider": "provider[\"registry.terraform.io/hashicorp/google-beta\"]",
      "instances": [
        {
          "schema_version": 1,
          "attributes": {
            "advanced_machine_features": [],
            "can_ip_forward": false,
            "confidential_instance_config": null,
            "description": "",
            "disk": [
              {
                "auto_delete": true,
                "boot": true,
                "device_name": "persistent-disk-0",
                "disk_encryption_key": [],
                "disk_name": "",
                "disk_size_gb": 0,
                "disk_type": "pd-standard",
                "interface": "SCSI",
                "labels": null,
                "mode": "READ_WRITE",
                "resource_policies": null,
                "source": "",
                "source_image": "projects/debian-cloud/global/images/family/debian-10",
                "type": "PERSISTENT"
              }
            ],
            "enable_display": null,
            "guest_accelerator": [],
            "id": "projects/halogen-data-344904/global/instanceTemplates/tcp-proxy-xlb-mig-template",
            "instance_description": "",
            "labels": null,
            "machine_type": "e2-small",
            "metadata": {
              "startup-script": "#! /bin/bash\r\nset -euo pipefail\r\nexport DEBIAN_FRONTEND=noninteractive\r\napt-get update\r\napt-get install -y nginx-light jq\r\nNAME=$(curl -H \"Metadata-Flavor: Google\" \"http://metadata.google.internal/computeMetadata/v1/instance/hostname\")\r\nIP=$(curl -H \"Metadata-Flavor: Google\" \"http://metadata.google.internal/computeMetadata/v1/instance/network-interfaces/0/ip\")\r\nMETADATA=$(curl -f -H \"Metadata-Flavor: Google\" \"http://metadata.google.internal/computeMetadata/v1/instance/attributes/?recursive=True\" | jq 'del(.[\"startup-script\"])')\r\ncat \u003c\u003cEOF \u003e /var/www/html/index.html\r\n\u003cpre\u003e\r\nName: $NAME\r\nIP: $IP\r\nMetadata: $METADATA\r\n\u003c/pre\u003e\r\nEOF\r\n"
            },
            "metadata_fingerprint": "2i0enA9NHjM=",
            "metadata_startup_script": null,
            "min_cpu_platform": "",
            "name": "tcp-proxy-xlb-mig-template",
            "name_prefix": null,
            "network_interface": [
              {
                "access_config": [
                  {
                    "nat_ip": "",
                    "network_tier": "PREMIUM",
                    "public_ptr_domain_name": ""
                  }
                ],
                "alias_ip_range": [],
                "ipv6_access_config": [],
                "ipv6_access_type": "",
                "name": "nic0",
                "network": "https://www.googleapis.com/compute/v1/projects/halogen-data-344904/global/networks/vnet1",
                "network_ip": "",
                "nic_type": "",
                "queue_count": 0,
                "stack_type": "",
                "subnetwork": "https://www.googleapis.com/compute/v1/projects/halogen-data-344904/regions/us-central1/subnetworks/terraform-subnetwork",
                "subnetwork_project": "halogen-data-344904"
              }
            ],
            "network_performance_config": [],
            "project": "halogen-data-344904",
            "region": "us-central1",
            "reservation_affinity": [],
            "scheduling": [
              {
                "automatic_restart": true,
                "min_node_cpus": 0,
                "node_affinities": [],
                "on_host_maintenance": "MIGRATE",
                "preemptible": false,
                "provisioning_model": "STANDARD"
              }
            ],
            "self_link": "https://www.googleapis.com/compute/beta/projects/halogen-data-344904/global/instanceTemplates/tcp-proxy-xlb-mig-template",
            "service_account": [],
            "shielded_instance_config": [],
            "tags": [
              "allow-health-check"
            ],
            "tags_fingerprint": "",
            "timeouts": null
          },
          "sensitive_attributes": [],
          "private": "eyJlMmJmYjczMC1lY2FhLTExZTYtOGY4OC0zNDM2M2JjN2M0YzAiOnsiY3JlYXRlIjoyNDAwMDAwMDAwMDAsImRlbGV0ZSI6MjQwMDAwMDAwMDAwfSwic2NoZW1hX3ZlcnNpb24iOiIxIn0=",
          "dependencies": [
            "module.vpc.google_compute_network.network",
            "module.vpc.google_compute_subnetwork.public-subnetwork"
          ],
          "create_before_destroy": true
        }
      ]
    },
    {
      "module": "module.load_balancer",
      "mode": "managed",
      "type": "google_compute_target_tcp_proxy",
      "name": "default",
      "provider": "provider[\"registry.terraform.io/hashicorp/google-beta\"]",
      "instances": [
        {
          "schema_version": 0,
          "attributes": {
            "backend_service": "https://www.googleapis.com/compute/v1/projects/halogen-data-344904/global/backendServices/tcp-proxy-xlb-backend-service",
            "creation_timestamp": "2022-06-22T06:42:38.669-07:00",
            "description": "",
            "id": "projects/halogen-data-344904/global/targetTcpProxies/test-proxy-health-check",
            "name": "test-proxy-health-check",
            "project": "halogen-data-344904",
            "proxy_bind": false,
            "proxy_header": "NONE",
            "proxy_id": -1138842975,
            "self_link": "https://www.googleapis.com/compute/v1/projects/halogen-data-344904/global/targetTcpProxies/test-proxy-health-check",
            "timeouts": null
          },
          "sensitive_attributes": [],
          "private": "eyJlMmJmYjczMC1lY2FhLTExZTYtOGY4OC0zNDM2M2JjN2M0YzAiOnsiY3JlYXRlIjoxMjAwMDAwMDAwMDAwLCJkZWxldGUiOjEyMDAwMDAwMDAwMDAsInVwZGF0ZSI6MTIwMDAwMDAwMDAwMH19",
          "dependencies": [
            "module.load_balancer.google_compute_backend_service.default",
            "module.load_balancer.google_compute_health_check.default",
            "module.load_balancer.google_compute_instance_group_manager.default",
            "module.load_balancer.google_compute_instance_template.default",
            "module.vpc.google_compute_network.network",
            "module.vpc.google_compute_subnetwork.public-subnetwork"
          ]
        }
      ]
    },
    {
      "module": "module.storage_account",
      "mode": "managed",
      "type": "google_storage_bucket",
      "name": "bucket",
      "provider": "provider[\"registry.terraform.io/hashicorp/google\"]",
      "instances": [
        {
          "schema_version": 0,
          "attributes": {
            "cors": [],
            "default_event_based_hold": false,
            "encryption": [],
            "force_destroy": false,
            "id": "test-bucket-test-bucket-010101",
            "labels": {},
            "lifecycle_rule": [],
            "location": "US",
            "logging": [],
            "name": "test-bucket-test-bucket-010101",
            "project": "halogen-data-344904",
            "requester_pays": false,
            "retention_policy": [],
            "self_link": "https://www.googleapis.com/storage/v1/b/test-bucket-test-bucket-010101",
            "storage_class": "STANDARD",
            "timeouts": null,
            "uniform_bucket_level_access": false,
            "url": "gs://test-bucket-test-bucket-010101",
            "versioning": [],
            "website": []
          },
          "sensitive_attributes": [],
          "private": "eyJlMmJmYjczMC1lY2FhLTExZTYtOGY4OC0zNDM2M2JjN2M0YzAiOnsiY3JlYXRlIjoyNDAwMDAwMDAwMDAsInJlYWQiOjI0MDAwMDAwMDAwMCwidXBkYXRlIjoyNDAwMDAwMDAwMDB9fQ=="
        }
      ]
    },
    {
      "module": "module.storage_account",
      "mode": "managed",
      "type": "google_storage_bucket_object",
      "name": "archive",
      "provider": "provider[\"registry.terraform.io/hashicorp/google\"]",
      "instances": [
        {
          "schema_version": 0,
          "attributes": {
            "bucket": "test-bucket-test-bucket-010101",
            "cache_control": "",
            "content": null,
            "content_disposition": "",
            "content_encoding": "",
            "content_language": "",
            "content_type": "application/zip",
            "crc32c": "jLyrVA==",
            "customer_encryption": [],
            "detect_md5hash": "Hu7gkL4J1MYisCIhN0Aq/g==",
            "event_based_hold": false,
            "id": "test-bucket-test-bucket-010101-index.zip",
            "kms_key_name": "",
            "md5hash": "Hu7gkL4J1MYisCIhN0Aq/g==",
            "media_link": "https://storage.googleapis.com/download/storage/v1/b/test-bucket-test-bucket-010101/o/index.zip?generation=1655905268651216\u0026alt=media",
            "metadata": null,
            "name": "index.zip",
            "output_name": "index.zip",
            "self_link": "https://www.googleapis.com/storage/v1/b/test-bucket-test-bucket-010101/o/index.zip",
            "source": "function.zip",
            "storage_class": "STANDARD",
            "temporary_hold": false,
            "timeouts": null
          },
          "sensitive_attributes": [],
          "private": "eyJlMmJmYjczMC1lY2FhLTExZTYtOGY4OC0zNDM2M2JjN2M0YzAiOnsiY3JlYXRlIjoyNDAwMDAwMDAwMDAsImRlbGV0ZSI6MjQwMDAwMDAwMDAwLCJ1cGRhdGUiOjI0MDAwMDAwMDAwMH19"
        }
      ]
    },
    {
      "module": "module.vpc",
      "mode": "managed",
      "type": "google_compute_global_address",
      "name": "default",
      "provider": "provider[\"registry.terraform.io/hashicorp/google-beta\"]",
      "instances": [
        {
          "schema_version": 0,
          "attributes": {
            "address": "34.111.234.209",
            "address_type": "EXTERNAL",
            "creation_timestamp": "2022-06-22T06:41:09.462-07:00",
            "description": "",
            "id": "projects/halogen-data-344904/global/addresses/tcp-proxy-xlb-ip",
            "ip_version": "",
            "label_fingerprint": "42WmSpB8rSM=",
            "labels": null,
            "name": "tcp-proxy-xlb-ip",
            "network": "",
            "prefix_length": 0,
            "project": "halogen-data-344904",
            "purpose": "",
            "self_link": "https://www.googleapis.com/compute/v1/projects/halogen-data-344904/global/addresses/tcp-proxy-xlb-ip",
            "timeouts": null
          },
          "sensitive_attributes": [],
          "private": "eyJlMmJmYjczMC1lY2FhLTExZTYtOGY4OC0zNDM2M2JjN2M0YzAiOnsiY3JlYXRlIjoxMjAwMDAwMDAwMDAwLCJkZWxldGUiOjEyMDAwMDAwMDAwMDAsInVwZGF0ZSI6MTIwMDAwMDAwMDAwMH19"
        }
      ]
    },
    {
      "module": "module.vpc",
      "mode": "managed",
      "type": "google_compute_network",
      "name": "network",
      "provider": "provider[\"registry.terraform.io/hashicorp/google\"]",
      "instances": [
        {
          "schema_version": 0,
          "attributes": {
            "auto_create_subnetworks": false,
            "delete_default_routes_on_create": false,
            "description": "",
            "enable_ula_internal_ipv6": false,
            "gateway_ipv4": "",
            "id": "projects/halogen-data-344904/global/networks/vnet1",
            "internal_ipv6_range": "",
            "mtu": 0,
            "name": "vnet1",
            "project": "halogen-data-344904",
            "routing_mode": "REGIONAL",
            "self_link": "https://www.googleapis.com/compute/v1/projects/halogen-data-344904/global/networks/vnet1",
            "timeouts": null
          },
          "sensitive_attributes": [],
          "private": "eyJlMmJmYjczMC1lY2FhLTExZTYtOGY4OC0zNDM2M2JjN2M0YzAiOnsiY3JlYXRlIjoxMjAwMDAwMDAwMDAwLCJkZWxldGUiOjEyMDAwMDAwMDAwMDAsInVwZGF0ZSI6MTIwMDAwMDAwMDAwMH19",
          "create_before_destroy": true
        }
      ]
    },
    {
      "module": "module.vpc",
      "mode": "managed",
      "type": "google_compute_subnetwork",
      "name": "public-subnetwork",
      "provider": "provider[\"registry.terraform.io/hashicorp/google\"]",
      "instances": [
        {
          "schema_version": 0,
          "attributes": {
            "creation_timestamp": "2022-06-22T06:41:31.899-07:00",
            "description": "",
            "external_ipv6_prefix": "",
            "fingerprint": null,
            "gateway_address": "10.2.0.1",
            "id": "projects/halogen-data-344904/regions/us-central1/subnetworks/terraform-subnetwork",
            "ip_cidr_range": "10.2.0.0/16",
            "ipv6_access_type": "",
            "ipv6_cidr_range": "",
            "log_config": [],
            "name": "terraform-subnetwork",
            "network": "https://www.googleapis.com/compute/v1/projects/halogen-data-344904/global/networks/vnet1",
            "private_ip_google_access": false,
            "private_ipv6_google_access": "DISABLE_GOOGLE_ACCESS",
            "project": "halogen-data-344904",
            "purpose": "PRIVATE",
            "region": "us-central1",
            "role": "",
            "secondary_ip_range": [],
            "self_link": "https://www.googleapis.com/compute/v1/projects/halogen-data-344904/regions/us-central1/subnetworks/terraform-subnetwork",
            "stack_type": "IPV4_ONLY",
            "timeouts": null
          },
          "sensitive_attributes": [],
          "private": "eyJlMmJmYjczMC1lY2FhLTExZTYtOGY4OC0zNDM2M2JjN2M0YzAiOnsiY3JlYXRlIjoxMjAwMDAwMDAwMDAwLCJkZWxldGUiOjEyMDAwMDAwMDAwMDAsInVwZGF0ZSI6MTIwMDAwMDAwMDAwMH19",
          "dependencies": [
            "module.vpc.google_compute_network.network"
          ],
          "create_before_destroy": true
        }
      ]
    }
  ]
}
